
Microsoft Visual Studio Solution File, Format Version 11.00
# Visual Studio 2010
Project("{FAE04EC0-301F-11D3-BF4B-00C04F79EFBC}") = "oficial2", "oficial2\oficial2.csproj", "{66F711A0-0F16-4140-97C8-9495FFE5D255}"
EndProject
Global
	GlobalSection(SolutionConfigurationPlatforms) = preSolution
		Debug|Any CPU = Debug|Any CPU
		Release|Any CPU = Release|Any CPU
	EndGlobalSection
	GlobalSection(ProjectConfigurationPlatforms) = postSolution
		{66F711A0-0F16-4140-97C8-9495FFE5D255}.Debug|Any CPU.ActiveCfg = Debug|Any CPU
		{66F711A0-0F16-4140-97C8-9495FFE5D255}.Debug|Any CPU.Build.0 = Debug|Any CPU
		{66F711A0-0F16-4140-97C8-9495FFE5D255}.Release|Any CPU.ActiveCfg = Release|Any CPU
		{66F711A0-0F16-4140-97C8-9495FFE5D255}.Release|Any CPU.Build.0 = Release|Any CPU
	EndGlobalSection
	GlobalSection(MonoDevelopProperties) = preSolution
		StartupItem = oficial2\oficial2.csproj
	EndGlobalSection
EndGlobal
