
Microsoft Visual Studio Solution File, Format Version 12.00
# Visual Studio 15
Project("{FAE04EC0-301F-11D3-BF4B-00C04F79EFBC}") = "PaisesYPlatillos", "PaisesYPlatillos\PaisesYPlatillos.csproj", "{4551747D-73E7-4D78-9981-79417E95C2A3}"
EndProject
Project("{FAE04EC0-301F-11D3-BF4B-00C04F79EFBC}") = "PaisesYPlatillos.Tests", "PaisesYPlatillos.Tests\PaisesYPlatillos.Tests.csproj", "{362A8B30-3B91-4176-B8BD-33D8D0F2E5A3}"
EndProject
Global
	GlobalSection(SolutionConfigurationPlatforms) = preSolution
		Debug|Any CPU = Debug|Any CPU
		Release|Any CPU = Release|Any CPU
	EndGlobalSection
	GlobalSection(ProjectConfigurationPlatforms) = postSolution
		{4551747D-73E7-4D78-9981-79417E95C2A3}.Debug|Any CPU.ActiveCfg = Debug|Any CPU
		{4551747D-73E7-4D78-9981-79417E95C2A3}.Debug|Any CPU.Build.0 = Debug|Any CPU
		{4551747D-73E7-4D78-9981-79417E95C2A3}.Release|Any CPU.ActiveCfg = Release|Any CPU
		{4551747D-73E7-4D78-9981-79417E95C2A3}.Release|Any CPU.Build.0 = Release|Any CPU
		{362A8B30-3B91-4176-B8BD-33D8D0F2E5A3}.Debug|Any CPU.ActiveCfg = Debug|Any CPU
		{362A8B30-3B91-4176-B8BD-33D8D0F2E5A3}.Debug|Any CPU.Build.0 = Debug|Any CPU
		{362A8B30-3B91-4176-B8BD-33D8D0F2E5A3}.Release|Any CPU.ActiveCfg = Release|Any CPU
		{362A8B30-3B91-4176-B8BD-33D8D0F2E5A3}.Release|Any CPU.Build.0 = Release|Any CPU
	EndGlobalSection
EndGlobal
