
Microsoft Visual Studio Solution File, Format Version 12.00
# Visual Studio 15
Project("{FAE04EC0-301F-11D3-BF4B-00C04F79EFBC}") = "Cliente", "Cliente\Cliente.csproj", "{42787F5B-6B8D-4C41-9DD3-BA5F1736DC68}"
EndProject
Global
	GlobalSection(SolutionConfigurationPlatforms) = preSolution
		Debug|x86 = Debug|x86
		Release|x86 = Release|x86
	EndGlobalSection
	GlobalSection(ProjectConfigurationPlatforms) = postSolution
		{42787F5B-6B8D-4C41-9DD3-BA5F1736DC68}.Debug|x86.ActiveCfg = Debug|x86
		{42787F5B-6B8D-4C41-9DD3-BA5F1736DC68}.Debug|x86.Build.0 = Debug|x86
		{42787F5B-6B8D-4C41-9DD3-BA5F1736DC68}.Release|x86.ActiveCfg = Release|x86
		{42787F5B-6B8D-4C41-9DD3-BA5F1736DC68}.Release|x86.Build.0 = Release|x86
	EndGlobalSection
EndGlobal
